
Microsoft Visual Studio Solution File, Format Version 12.00
# Visual Studio 15
VisualStudioVersion = 15.0.28307.329
MinimumVisualStudioVersion = 10.0.40219.1
Project("{FAE04EC0-301F-11D3-BF4B-00C04F79EFBC}") = "HttpServer", "HttpServer\HttpServer.csproj", "{2E8E93F7-FBE7-436C-9E0B-CB2842B66363}"
EndProject
Global
	GlobalSection(SolutionConfigurationPlatforms) = preSolution
		Debug|Any CPU = Debug|Any CPU
		Release|Any CPU = Release|Any CPU
	EndGlobalSection
	GlobalSection(ProjectConfigurationPlatforms) = postSolution
		{2E8E93F7-FBE7-436C-9E0B-CB2842B66363}.Debug|Any CPU.ActiveCfg = Debug|Any CPU
		{2E8E93F7-FBE7-436C-9E0B-CB2842B66363}.Debug|Any CPU.Build.0 = Debug|Any CPU
		{2E8E93F7-FBE7-436C-9E0B-CB2842B66363}.Release|Any CPU.ActiveCfg = Release|Any CPU
		{2E8E93F7-FBE7-436C-9E0B-CB2842B66363}.Release|Any CPU.Build.0 = Release|Any CPU
	EndGlobalSection
	GlobalSection(SolutionProperties) = preSolution
		HideSolutionNode = FALSE
	EndGlobalSection
	GlobalSection(ExtensibilityGlobals) = postSolution
		SolutionGuid = {55006912-9622-4744-8386-AD16F067B0CD}
	EndGlobalSection
EndGlobal
